
Microsoft Visual Studio Solution File, Format Version 12.00
# Visual Studio Version 17
VisualStudioVersion = 17.12.35506.116 d17.12
MinimumVisualStudioVersion = 10.0.40219.1
Project("{FAE04EC0-301F-11D3-BF4B-00C04F79EFBC}") = "Nimm3", "Nimm3\Nimm3.csproj", "{BDE7C784-B9D7-42FE-82EB-FB05A7B06258}"
EndProject
Global
	GlobalSection(SolutionConfigurationPlatforms) = preSolution
		Debug|Any CPU = Debug|Any CPU
		Release|Any CPU = Release|Any CPU
	EndGlobalSection
	GlobalSection(ProjectConfigurationPlatforms) = postSolution
		{BDE7C784-B9D7-42FE-82EB-FB05A7B06258}.Debug|Any CPU.ActiveCfg = Debug|Any CPU
		{BDE7C784-B9D7-42FE-82EB-FB05A7B06258}.Debug|Any CPU.Build.0 = Debug|Any CPU
		{BDE7C784-B9D7-42FE-82EB-FB05A7B06258}.Release|Any CPU.ActiveCfg = Release|Any CPU
		{BDE7C784-B9D7-42FE-82EB-FB05A7B06258}.Release|Any CPU.Build.0 = Release|Any CPU
	EndGlobalSection
	GlobalSection(SolutionProperties) = preSolution
		HideSolutionNode = FALSE
	EndGlobalSection
EndGlobal
